
Microsoft Visual Studio Solution File, Format Version 12.00
Project("{FAE04EC0-301F-11D3-BF4B-00C04F79EFBC}") = "WPF", "WPF\WPF.csproj", "{3658F6C8-EA56-4D3E-90CC-C2CCB5D83964}"
EndProject
Global
	GlobalSection(SolutionConfigurationPlatforms) = preSolution
		Debug|Any CPU = Debug|Any CPU
		Release|Any CPU = Release|Any CPU
	EndGlobalSection
	GlobalSection(ProjectConfigurationPlatforms) = postSolution
		{3658F6C8-EA56-4D3E-90CC-C2CCB5D83964}.Debug|Any CPU.ActiveCfg = Debug|Any CPU
		{3658F6C8-EA56-4D3E-90CC-C2CCB5D83964}.Debug|Any CPU.Build.0 = Debug|Any CPU
		{3658F6C8-EA56-4D3E-90CC-C2CCB5D83964}.Release|Any CPU.ActiveCfg = Release|Any CPU
		{3658F6C8-EA56-4D3E-90CC-C2CCB5D83964}.Release|Any CPU.Build.0 = Release|Any CPU
	EndGlobalSection
EndGlobal
